
Microsoft Visual Studio Solution File, Format Version 12.00
# Visual Studio Version 16
VisualStudioVersion = 16.0.32228.343
MinimumVisualStudioVersion = 10.0.40219.1
Project("{FAE04EC0-301F-11D3-BF4B-00C04F79EFBC}") = "WindowsFormsApplication1", "WindowsFormsApplication1.csproj", "{2A8BCFF8-31BF-4368-AEC1-DFA8B3C21DF3}"
EndProject
Project("{54435603-DBB4-11D2-8724-00A0C9A8B90C}") = "Setup_ShowMES", "..\Setup_ShowMES\Setup_ShowMES.vdproj", "{D914552B-65E0-438B-B9ED-4A211E4FDF7C}"
EndProject
Global
	GlobalSection(SolutionConfigurationPlatforms) = preSolution
		Debug|Any CPU = Debug|Any CPU
		Release|Any CPU = Release|Any CPU
	EndGlobalSection
	GlobalSection(ProjectConfigurationPlatforms) = postSolution
		{2A8BCFF8-31BF-4368-AEC1-DFA8B3C21DF3}.Debug|Any CPU.ActiveCfg = Debug|Any CPU
		{2A8BCFF8-31BF-4368-AEC1-DFA8B3C21DF3}.Debug|Any CPU.Build.0 = Debug|Any CPU
		{2A8BCFF8-31BF-4368-AEC1-DFA8B3C21DF3}.Release|Any CPU.ActiveCfg = Release|Any CPU
		{2A8BCFF8-31BF-4368-AEC1-DFA8B3C21DF3}.Release|Any CPU.Build.0 = Release|Any CPU
		{D914552B-65E0-438B-B9ED-4A211E4FDF7C}.Debug|Any CPU.ActiveCfg = Debug
		{D914552B-65E0-438B-B9ED-4A211E4FDF7C}.Release|Any CPU.ActiveCfg = Release
	EndGlobalSection
	GlobalSection(SolutionProperties) = preSolution
		HideSolutionNode = FALSE
	EndGlobalSection
	GlobalSection(ExtensibilityGlobals) = postSolution
		SolutionGuid = {61FFA856-0D54-4911-A228-2D802562CC24}
	EndGlobalSection
EndGlobal
